
Microsoft Visual Studio Solution File, Format Version 12.00
# Visual Studio 15
VisualStudioVersion = 15.0.28307.1231
MinimumVisualStudioVersion = 10.0.40219.1
Project("{2150E333-8FDC-42A3-9474-1A3956D46DE8}") = "Solution Items", "Solution Items", "{9CF76FA6-FFB7-4438-A1A6-4B585C224B97}"
	ProjectSection(SolutionItems) = preProject
		ReadMe.txt = ReadMe.txt
	EndProjectSection
EndProject
Project("{FAE04EC0-301F-11D3-BF4B-00C04F79EFBC}") = "AssemblyExample.Show", "AssemblyExample.Show\AssemblyExample.Show.csproj", "{8CF4BBD4-6378-48C4-9838-C21A1F3F9911}"
EndProject
Project("{FAE04EC0-301F-11D3-BF4B-00C04F79EFBC}") = "AssemblyExample", "AssemblyExample\AssemblyExample.csproj", "{4C43A173-2928-4538-A4AF-3671A0C9AC3A}"
EndProject
Project("{FAE04EC0-301F-11D3-BF4B-00C04F79EFBC}") = "GitCommand.Utils", "..\GitCommand.Utils\GitCommand.Utils.csproj", "{56383D91-E02F-40EA-AB4C-E47A506A621B}"
EndProject
Global
	GlobalSection(SolutionConfigurationPlatforms) = preSolution
		Debug|Any CPU = Debug|Any CPU
		Release|Any CPU = Release|Any CPU
	EndGlobalSection
	GlobalSection(ProjectConfigurationPlatforms) = postSolution
		{8CF4BBD4-6378-48C4-9838-C21A1F3F9911}.Debug|Any CPU.ActiveCfg = Debug|Any CPU
		{8CF4BBD4-6378-48C4-9838-C21A1F3F9911}.Debug|Any CPU.Build.0 = Debug|Any CPU
		{8CF4BBD4-6378-48C4-9838-C21A1F3F9911}.Release|Any CPU.ActiveCfg = Release|Any CPU
		{8CF4BBD4-6378-48C4-9838-C21A1F3F9911}.Release|Any CPU.Build.0 = Release|Any CPU
		{4C43A173-2928-4538-A4AF-3671A0C9AC3A}.Debug|Any CPU.ActiveCfg = Debug|Any CPU
		{4C43A173-2928-4538-A4AF-3671A0C9AC3A}.Debug|Any CPU.Build.0 = Debug|Any CPU
		{4C43A173-2928-4538-A4AF-3671A0C9AC3A}.Release|Any CPU.ActiveCfg = Release|Any CPU
		{4C43A173-2928-4538-A4AF-3671A0C9AC3A}.Release|Any CPU.Build.0 = Release|Any CPU
		{56383D91-E02F-40EA-AB4C-E47A506A621B}.Debug|Any CPU.ActiveCfg = Debug|Any CPU
		{56383D91-E02F-40EA-AB4C-E47A506A621B}.Debug|Any CPU.Build.0 = Debug|Any CPU
		{56383D91-E02F-40EA-AB4C-E47A506A621B}.Release|Any CPU.ActiveCfg = Release|Any CPU
		{56383D91-E02F-40EA-AB4C-E47A506A621B}.Release|Any CPU.Build.0 = Release|Any CPU
	EndGlobalSection
	GlobalSection(SolutionProperties) = preSolution
		HideSolutionNode = FALSE
	EndGlobalSection
	GlobalSection(ExtensibilityGlobals) = postSolution
		SolutionGuid = {06985326-68D2-41D0-848A-19D83903B171}
	EndGlobalSection
EndGlobal
